<?xml version="1.0" encoding="utf-8"?>
<Project ToolsVersion="4.0" xmlns="http://schemas.microsoft.com/developer/msbuild/2003">
  <ItemGroup>
    <Filter Include="PreCompile">
      <UniqueIdentifier>{ab841d6e-42bb-4d4e-85cc-b7c0d06e6374}</UniqueIdentifier>
    </Filter>
    <Filter Include="Rendering">
      <UniqueIdentifier>{051604bd-702b-45ef-aa5c-8072f7cc7524}</UniqueIdentifier>
    </Filter>
    <Filter Include="Rendering\API">
      <UniqueIdentifier>{35351232-e246-477c-bfa9-a79fc511b310}</UniqueIdentifier>
    </Filter>
    <Filter Include="Rendering\API\Vulkan">
      <UniqueIdentifier>{4ae1c74f-2594-4396-8f21-e2d00b3878cf}</UniqueIdentifier>
    </Filter>
  </ItemGroup>
  <ItemGroup>
    <ClCompile Include="stdafx.cpp">
      <Filter>PreCompile</Filter>
    </ClCompile>
    <ClCompile Include="VulkanInterface.cpp">
      <Filter>Rendering\API\Vulkan</Filter>
    </ClCompile>
  </ItemGroup>
  <ItemGroup>
    <ClInclude Include="stdafx.h">
      <Filter>PreCompile</Filter>
    </ClInclude>
    <ClInclude Include="VulkanInterface.h">
      <Filter>Rendering\API\Vulkan</Filter>
    </ClInclude>
  </ItemGroup>
</Project>